
Microsoft Visual Studio Solution File, Format Version 12.00
# Visual Studio Version 17
VisualStudioVersion = 17.7.34202.233
MinimumVisualStudioVersion = 10.0.40219.1
Project("{FAE04EC0-301F-11D3-BF4B-00C04F79EFBC}") = "CourseManagementSystem", "CourseManagementSystem.csproj", "{4F33B6F2-DA0D-4082-81A5-9EDBEA7883C5}"
EndProject
Global
	GlobalSection(SolutionConfigurationPlatforms) = preSolution
		Debug|Any CPU = Debug|Any CPU
		Release|Any CPU = Release|Any CPU
	EndGlobalSection
	GlobalSection(ProjectConfigurationPlatforms) = postSolution
		{4F33B6F2-DA0D-4082-81A5-9EDBEA7883C5}.Debug|Any CPU.ActiveCfg = Debug|Any CPU
		{4F33B6F2-DA0D-4082-81A5-9EDBEA7883C5}.Debug|Any CPU.Build.0 = Debug|Any CPU
		{4F33B6F2-DA0D-4082-81A5-9EDBEA7883C5}.Release|Any CPU.ActiveCfg = Release|Any CPU
		{4F33B6F2-DA0D-4082-81A5-9EDBEA7883C5}.Release|Any CPU.Build.0 = Release|Any CPU
	EndGlobalSection
	GlobalSection(SolutionProperties) = preSolution
		HideSolutionNode = FALSE
	EndGlobalSection
	GlobalSection(ExtensibilityGlobals) = postSolution
		SolutionGuid = {0EDE9FDD-FB21-40EE-8532-1AD994671A6D}
	EndGlobalSection
EndGlobal
